
Microsoft Visual Studio Solution File, Format Version 12.00
# Visual Studio Version 17
VisualStudioVersion = 17.5.33424.131
MinimumVisualStudioVersion = 15.0.26124.0
Project("{9A19103F-16F7-4668-BE54-9A1E7A4F7556}") = "Life", "Life\Life.csproj", "{553EF050-2D6A-4BFA-9E64-165BEBEF9B01}"
EndProject
Project("{FAE04EC0-301F-11D3-BF4B-00C04F79EFBC}") = "TestNewOpportunity", "TestNewOpportunity\TestNewOpportunity.csproj", "{5FC0AA98-5640-4236-B90E-86F7D7AF607C}"
EndProject
Global
	GlobalSection(SolutionConfigurationPlatforms) = preSolution
		Debug|Any CPU = Debug|Any CPU
		Debug|x64 = Debug|x64
		Debug|x86 = Debug|x86
		Release|Any CPU = Release|Any CPU
		Release|x64 = Release|x64
		Release|x86 = Release|x86
	EndGlobalSection
	GlobalSection(ProjectConfigurationPlatforms) = postSolution
		{553EF050-2D6A-4BFA-9E64-165BEBEF9B01}.Debug|Any CPU.ActiveCfg = Debug|Any CPU
		{553EF050-2D6A-4BFA-9E64-165BEBEF9B01}.Debug|Any CPU.Build.0 = Debug|Any CPU
		{553EF050-2D6A-4BFA-9E64-165BEBEF9B01}.Debug|x64.ActiveCfg = Debug|Any CPU
		{553EF050-2D6A-4BFA-9E64-165BEBEF9B01}.Debug|x64.Build.0 = Debug|Any CPU
		{553EF050-2D6A-4BFA-9E64-165BEBEF9B01}.Debug|x86.ActiveCfg = Debug|Any CPU
		{553EF050-2D6A-4BFA-9E64-165BEBEF9B01}.Debug|x86.Build.0 = Debug|Any CPU
		{553EF050-2D6A-4BFA-9E64-165BEBEF9B01}.Release|Any CPU.ActiveCfg = Release|Any CPU
		{553EF050-2D6A-4BFA-9E64-165BEBEF9B01}.Release|Any CPU.Build.0 = Release|Any CPU
		{553EF050-2D6A-4BFA-9E64-165BEBEF9B01}.Release|x64.ActiveCfg = Release|Any CPU
		{553EF050-2D6A-4BFA-9E64-165BEBEF9B01}.Release|x64.Build.0 = Release|Any CPU
		{553EF050-2D6A-4BFA-9E64-165BEBEF9B01}.Release|x86.ActiveCfg = Release|Any CPU
		{553EF050-2D6A-4BFA-9E64-165BEBEF9B01}.Release|x86.Build.0 = Release|Any CPU
		{5FC0AA98-5640-4236-B90E-86F7D7AF607C}.Debug|Any CPU.ActiveCfg = Debug|Any CPU
		{5FC0AA98-5640-4236-B90E-86F7D7AF607C}.Debug|Any CPU.Build.0 = Debug|Any CPU
		{5FC0AA98-5640-4236-B90E-86F7D7AF607C}.Debug|x64.ActiveCfg = Debug|Any CPU
		{5FC0AA98-5640-4236-B90E-86F7D7AF607C}.Debug|x64.Build.0 = Debug|Any CPU
		{5FC0AA98-5640-4236-B90E-86F7D7AF607C}.Debug|x86.ActiveCfg = Debug|Any CPU
		{5FC0AA98-5640-4236-B90E-86F7D7AF607C}.Debug|x86.Build.0 = Debug|Any CPU
		{5FC0AA98-5640-4236-B90E-86F7D7AF607C}.Release|Any CPU.ActiveCfg = Release|Any CPU
		{5FC0AA98-5640-4236-B90E-86F7D7AF607C}.Release|Any CPU.Build.0 = Release|Any CPU
		{5FC0AA98-5640-4236-B90E-86F7D7AF607C}.Release|x64.ActiveCfg = Release|Any CPU
		{5FC0AA98-5640-4236-B90E-86F7D7AF607C}.Release|x64.Build.0 = Release|Any CPU
		{5FC0AA98-5640-4236-B90E-86F7D7AF607C}.Release|x86.ActiveCfg = Release|Any CPU
		{5FC0AA98-5640-4236-B90E-86F7D7AF607C}.Release|x86.Build.0 = Release|Any CPU
	EndGlobalSection
	GlobalSection(SolutionProperties) = preSolution
		HideSolutionNode = FALSE
	EndGlobalSection
	GlobalSection(ExtensibilityGlobals) = postSolution
		SolutionGuid = {CB54E1F9-20A7-460B-9BFC-205BA373E527}
	EndGlobalSection
EndGlobal
